
Microsoft Visual Studio Solution File, Format Version 12.00
# Visual Studio 14
VisualStudioVersion = 14.0.22310.1
MinimumVisualStudioVersion = 10.0.40219.1
Project("{FAE04EC0-301F-11D3-BF4B-00C04F79EFBC}") = "Worker", "Worker\Worker.csproj", "{FB86CBE6-9B9E-43C9-9F17-7B14DBDA0CD5}"
EndProject
Project("{FAE04EC0-301F-11D3-BF4B-00C04F79EFBC}") = "Client", "Client\Client.csproj", "{65FA6948-758D-4D5C-B1EF-1C3F699A8BE4}"
EndProject
Project("{FAE04EC0-301F-11D3-BF4B-00C04F79EFBC}") = "LibPADIMapNoReduce", "LibPADIMapNoReduce\LibPADIMapNoReduce.csproj", "{2D129022-0922-40C3-9987-17789E3A225F}"
EndProject
Project("{FAE04EC0-301F-11D3-BF4B-00C04F79EFBC}") = "LibMapper", "LibMapper\LibMapper.csproj", "{E70FBDBF-80B2-44D5-8E93-7C14D5D6D1BA}"
EndProject
Project("{FAE04EC0-301F-11D3-BF4B-00C04F79EFBC}") = "PuppetMaster", "PuppetMaster\PuppetMaster.csproj", "{30B83849-4AE6-4A08-BA44-CA5C7F555F10}"
	ProjectSection(ProjectDependencies) = postProject
		{2D129022-0922-40C3-9987-17789E3A225F} = {2D129022-0922-40C3-9987-17789E3A225F}
	EndProjectSection
EndProject
Global
	GlobalSection(SolutionConfigurationPlatforms) = preSolution
		Debug|Any CPU = Debug|Any CPU
		Release|Any CPU = Release|Any CPU
	EndGlobalSection
	GlobalSection(ProjectConfigurationPlatforms) = postSolution
		{FB86CBE6-9B9E-43C9-9F17-7B14DBDA0CD5}.Debug|Any CPU.ActiveCfg = Debug|Any CPU
		{FB86CBE6-9B9E-43C9-9F17-7B14DBDA0CD5}.Debug|Any CPU.Build.0 = Debug|Any CPU
		{FB86CBE6-9B9E-43C9-9F17-7B14DBDA0CD5}.Release|Any CPU.ActiveCfg = Release|Any CPU
		{FB86CBE6-9B9E-43C9-9F17-7B14DBDA0CD5}.Release|Any CPU.Build.0 = Release|Any CPU
		{65FA6948-758D-4D5C-B1EF-1C3F699A8BE4}.Debug|Any CPU.ActiveCfg = Debug|Any CPU
		{65FA6948-758D-4D5C-B1EF-1C3F699A8BE4}.Debug|Any CPU.Build.0 = Debug|Any CPU
		{65FA6948-758D-4D5C-B1EF-1C3F699A8BE4}.Release|Any CPU.ActiveCfg = Release|Any CPU
		{65FA6948-758D-4D5C-B1EF-1C3F699A8BE4}.Release|Any CPU.Build.0 = Release|Any CPU
		{2D129022-0922-40C3-9987-17789E3A225F}.Debug|Any CPU.ActiveCfg = Debug|Any CPU
		{2D129022-0922-40C3-9987-17789E3A225F}.Debug|Any CPU.Build.0 = Debug|Any CPU
		{2D129022-0922-40C3-9987-17789E3A225F}.Release|Any CPU.ActiveCfg = Release|Any CPU
		{2D129022-0922-40C3-9987-17789E3A225F}.Release|Any CPU.Build.0 = Release|Any CPU
		{E70FBDBF-80B2-44D5-8E93-7C14D5D6D1BA}.Debug|Any CPU.ActiveCfg = Debug|Any CPU
		{E70FBDBF-80B2-44D5-8E93-7C14D5D6D1BA}.Debug|Any CPU.Build.0 = Debug|Any CPU
		{E70FBDBF-80B2-44D5-8E93-7C14D5D6D1BA}.Release|Any CPU.ActiveCfg = Release|Any CPU
		{E70FBDBF-80B2-44D5-8E93-7C14D5D6D1BA}.Release|Any CPU.Build.0 = Release|Any CPU
		{30B83849-4AE6-4A08-BA44-CA5C7F555F10}.Debug|Any CPU.ActiveCfg = Debug|Any CPU
		{30B83849-4AE6-4A08-BA44-CA5C7F555F10}.Debug|Any CPU.Build.0 = Debug|Any CPU
		{30B83849-4AE6-4A08-BA44-CA5C7F555F10}.Release|Any CPU.ActiveCfg = Release|Any CPU
		{30B83849-4AE6-4A08-BA44-CA5C7F555F10}.Release|Any CPU.Build.0 = Release|Any CPU
	EndGlobalSection
	GlobalSection(SolutionProperties) = preSolution
		HideSolutionNode = FALSE
	EndGlobalSection
EndGlobal
